
Microsoft Visual Studio Solution File, Format Version 12.00
# Visual Studio Version 17
VisualStudioVersion = 17.9.34728.123
MinimumVisualStudioVersion = 10.0.40219.1
Project("{FAE04EC0-301F-11D3-BF4B-00C04F79EFBC}") = "laba1", "laba1\laba1.csproj", "{51B57E57-BE2B-4777-ADD3-0C75A28D8FD9}"
EndProject
Global
	GlobalSection(SolutionConfigurationPlatforms) = preSolution
		Debug|Any CPU = Debug|Any CPU
		Release|Any CPU = Release|Any CPU
	EndGlobalSection
	GlobalSection(ProjectConfigurationPlatforms) = postSolution
		{51B57E57-BE2B-4777-ADD3-0C75A28D8FD9}.Debug|Any CPU.ActiveCfg = Debug|Any CPU
		{51B57E57-BE2B-4777-ADD3-0C75A28D8FD9}.Debug|Any CPU.Build.0 = Debug|Any CPU
		{51B57E57-BE2B-4777-ADD3-0C75A28D8FD9}.Release|Any CPU.ActiveCfg = Release|Any CPU
		{51B57E57-BE2B-4777-ADD3-0C75A28D8FD9}.Release|Any CPU.Build.0 = Release|Any CPU
	EndGlobalSection
	GlobalSection(SolutionProperties) = preSolution
		HideSolutionNode = FALSE
	EndGlobalSection
	GlobalSection(ExtensibilityGlobals) = postSolution
		SolutionGuid = {E73E1EEB-958C-4B12-BD43-5F87FC697B41}
	EndGlobalSection
EndGlobal
